
Microsoft Visual Studio Solution File, Format Version 12.00
# Visual Studio Version 16
VisualStudioVersion = 16.0.29215.179
MinimumVisualStudioVersion = 10.0.40219.1
Project("{FAE04EC0-301F-11D3-BF4B-00C04F79EFBC}") = "EvenNumbers", "EvenNumbers\EvenNumbers.csproj", "{037DB0FE-1AB3-4E15-AC76-196FE2C58C5B}"
EndProject
Global
	GlobalSection(SolutionConfigurationPlatforms) = preSolution
		Debug|Any CPU = Debug|Any CPU
		Release|Any CPU = Release|Any CPU
	EndGlobalSection
	GlobalSection(ProjectConfigurationPlatforms) = postSolution
		{037DB0FE-1AB3-4E15-AC76-196FE2C58C5B}.Debug|Any CPU.ActiveCfg = Debug|Any CPU
		{037DB0FE-1AB3-4E15-AC76-196FE2C58C5B}.Debug|Any CPU.Build.0 = Debug|Any CPU
		{037DB0FE-1AB3-4E15-AC76-196FE2C58C5B}.Release|Any CPU.ActiveCfg = Release|Any CPU
		{037DB0FE-1AB3-4E15-AC76-196FE2C58C5B}.Release|Any CPU.Build.0 = Release|Any CPU
	EndGlobalSection
	GlobalSection(SolutionProperties) = preSolution
		HideSolutionNode = FALSE
	EndGlobalSection
	GlobalSection(ExtensibilityGlobals) = postSolution
		SolutionGuid = {D5924976-0458-4D74-849E-BA8C6BCF7D8E}
	EndGlobalSection
EndGlobal
