
Microsoft Visual Studio Solution File, Format Version 12.00
# Visual Studio Version 16
VisualStudioVersion = 16.0.29215.179
MinimumVisualStudioVersion = 10.0.40219.1
Project("{FAE04EC0-301F-11D3-BF4B-00C04F79EFBC}") = "HomeWork", "HomeWork\HomeWork.csproj", "{56B8DBF8-EB7E-4BC4-9712-33E0FC36FD82}"
EndProject
Global
	GlobalSection(SolutionConfigurationPlatforms) = preSolution
		Debug|Any CPU = Debug|Any CPU
		Release|Any CPU = Release|Any CPU
	EndGlobalSection
	GlobalSection(ProjectConfigurationPlatforms) = postSolution
		{56B8DBF8-EB7E-4BC4-9712-33E0FC36FD82}.Debug|Any CPU.ActiveCfg = Debug|Any CPU
		{56B8DBF8-EB7E-4BC4-9712-33E0FC36FD82}.Debug|Any CPU.Build.0 = Debug|Any CPU
		{56B8DBF8-EB7E-4BC4-9712-33E0FC36FD82}.Release|Any CPU.ActiveCfg = Release|Any CPU
		{56B8DBF8-EB7E-4BC4-9712-33E0FC36FD82}.Release|Any CPU.Build.0 = Release|Any CPU
	EndGlobalSection
	GlobalSection(SolutionProperties) = preSolution
		HideSolutionNode = FALSE
	EndGlobalSection
	GlobalSection(ExtensibilityGlobals) = postSolution
		SolutionGuid = {74CB80F9-1C28-42B3-B097-B1D354737042}
	EndGlobalSection
EndGlobal
